// !$*UTF8*$!
{
	archiveVersion = 1;
	classes = {
	};
	objectVersion = 46;
	objects = {

/* Begin PBXBuildFile section */
		520996DD1BDAA55000B78799 /* NDVComputativeNumbersTest.c in Sources */ = {isa = PBXBuildFile; fileRef = 520996DB1BDAA55000B78799 /* NDVComputativeNumbersTest.c */; settings = {ASSET_TAGS = (); }; };
		5262C5A81BD96A1600F25C85 /* main.c in Sources */ = {isa = PBXBuildFile; fileRef = 5262C5A51BD96A1600F25C85 /* main.c */; settings = {ASSET_TAGS = (); }; };
		5262C5AE1BD96E9200F25C85 /* NDVComputativeNumbersObject.c in Sources */ = {isa = PBXBuildFile; fileRef = 5262C5AC1BD96E9200F25C85 /* NDVComputativeNumbersObject.c */; settings = {ASSET_TAGS = (); }; };
/* End PBXBuildFile section */

/* Begin PBXCopyFilesBuildPhase section */
		5262C5941BD9635F00F25C85 /* CopyFiles */ = {
			isa = PBXCopyFilesBuildPhase;
			buildActionMask = 2147483647;
			dstPath = /usr/share/man/man1/;
			dstSubfolderSpec = 0;
			files = (
			);
			runOnlyForDeploymentPostprocessing = 1;
		};
/* End PBXCopyFilesBuildPhase section */

/* Begin PBXFileReference section */
		520996DB1BDAA55000B78799 /* NDVComputativeNumbersTest.c */ = {isa = PBXFileReference; fileEncoding = 4; lastKnownFileType = sourcecode.c.c; name = NDVComputativeNumbersTest.c; path = Source/NDVComputativeNumbersTest.c; sourceTree = "<group>"; };
		520996DC1BDAA55000B78799 /* NDVComputativeNumbersTest.h */ = {isa = PBXFileReference; fileEncoding = 4; lastKnownFileType = sourcecode.c.h; name = NDVComputativeNumbersTest.h; path = Source/NDVComputativeNumbersTest.h; sourceTree = "<group>"; };
		5262C5961BD9635F00F25C85 /* NDVStudy */ = {isa = PBXFileReference; explicitFileType = "compiled.mach-o.executable"; includeInIndex = 0; path = NDVStudy; sourceTree = BUILT_PRODUCTS_DIR; };
		5262C5A51BD96A1600F25C85 /* main.c */ = {isa = PBXFileReference; fileEncoding = 4; lastKnownFileType = sourcecode.c.c; path = main.c; sourceTree = "<group>"; };
		5262C5AC1BD96E9200F25C85 /* NDVComputativeNumbersObject.c */ = {isa = PBXFileReference; fileEncoding = 4; lastKnownFileType = sourcecode.c.c; path = NDVComputativeNumbersObject.c; sourceTree = "<group>"; };
		5262C5AD1BD96E9200F25C85 /* NDVComputativeNumbersObject.h */ = {isa = PBXFileReference; fileEncoding = 4; lastKnownFileType = sourcecode.c.h; path = NDVComputativeNumbersObject.h; sourceTree = "<group>"; };
/* End PBXFileReference section */

/* Begin PBXFrameworksBuildPhase section */
		5262C5931BD9635F00F25C85 /* Frameworks */ = {
			isa = PBXFrameworksBuildPhase;
			buildActionMask = 2147483647;
			files = (
			);
			runOnlyForDeploymentPostprocessing = 0;
		};
/* End PBXFrameworksBuildPhase section */

/* Begin PBXGroup section */
		5262C58D1BD9635F00F25C85 = {
			isa = PBXGroup;
			children = (
				5262C5981BD9635F00F25C85 /* NDVStudy */,
				5262C5971BD9635F00F25C85 /* Products */,
			);
			sourceTree = "<group>";
		};
		5262C5971BD9635F00F25C85 /* Products */ = {
			isa = PBXGroup;
			children = (
				5262C5961BD9635F00F25C85 /* NDVStudy */,
			);
			name = Products;
			sourceTree = "<group>";
		};
		5262C5981BD9635F00F25C85 /* NDVStudy */ = {
			isa = PBXGroup;
			children = (
				5262C5A31BD969C900F25C85 /* Source */,
				5262C5A11BD968FC00F25C85 /* Tests */,
			);
			path = NDVStudy;
			sourceTree = "<group>";
		};
		5262C5A11BD968FC00F25C85 /* Tests */ = {
			isa = PBXGroup;
			children = (
				520996DB1BDAA55000B78799 /* NDVComputativeNumbersTest.c */,
				520996DC1BDAA55000B78799 /* NDVComputativeNumbersTest.h */,
			);
			name = Tests;
			sourceTree = "<group>";
		};
		5262C5A31BD969C900F25C85 /* Source */ = {
			isa = PBXGroup;
			children = (
				5262C5AB1BD96E5900F25C85 /* NDVComputativeNumbersObject */,
				5262C5A51BD96A1600F25C85 /* main.c */,
			);
			path = Source;
			sourceTree = "<group>";
		};
		5262C5AB1BD96E5900F25C85 /* NDVComputativeNumbersObject */ = {
			isa = PBXGroup;
			children = (
				5262C5AC1BD96E9200F25C85 /* NDVComputativeNumbersObject.c */,
				5262C5AD1BD96E9200F25C85 /* NDVComputativeNumbersObject.h */,
			);
			path = NDVComputativeNumbersObject;
			sourceTree = "<group>";
		};
/* End PBXGroup section */

/* Begin PBXNativeTarget section */
		5262C5951BD9635F00F25C85 /* NDVStudy */ = {
			isa = PBXNativeTarget;
			buildConfigurationList = 5262C59D1BD9635F00F25C85 /* Build configuration list for PBXNativeTarget "NDVStudy" */;
			buildPhases = (
				5262C5921BD9635F00F25C85 /* Sources */,
				5262C5931BD9635F00F25C85 /* Frameworks */,
				5262C5941BD9635F00F25C85 /* CopyFiles */,
			);
			buildRules = (
			);
			dependencies = (
			);
			name = NDVStudy;
			productName = NDVStudy;
			productReference = 5262C5961BD9635F00F25C85 /* NDVStudy */;
			productType = "com.apple.product-type.tool";
		};
/* End PBXNativeTarget section */

/* Begin PBXProject section */
		5262C58E1BD9635F00F25C85 /* Project object */ = {
			isa = PBXProject;
			attributes = {
				LastUpgradeCheck = 0700;
				ORGANIZATIONNAME = NDVcomp;
				TargetAttributes = {
					5262C5951BD9635F00F25C85 = {
						CreatedOnToolsVersion = 7.0.1;
					};
				};
			};
			buildConfigurationList = 5262C5911BD9635F00F25C85 /* Build configuration list for PBXProject "NDVStudy" */;
			compatibilityVersion = "Xcode 3.2";
			developmentRegion = English;
			hasScannedForEncodings = 0;
			knownRegions = (
				en,
			);
			mainGroup = 5262C58D1BD9635F00F25C85;
			productRefGroup = 5262C5971BD9635F00F25C85 /* Products */;
			projectDirPath = "";
			projectRoot = "";
			targets = (
				5262C5951BD9635F00F25C85 /* NDVStudy */,
			);
		};
/* End PBXProject section */

/* Begin PBXSourcesBuildPhase section */
		5262C5921BD9635F00F25C85 /* Sources */ = {
			isa = PBXSourcesBuildPhase;
			buildActionMask = 2147483647;
			files = (
				5262C5A81BD96A1600F25C85 /* main.c in Sources */,
				5262C5AE1BD96E9200F25C85 /* NDVComputativeNumbersObject.c in Sources */,
				520996DD1BDAA55000B78799 /* NDVComputativeNumbersTest.c in Sources */,
			);
			runOnlyForDeploymentPostprocessing = 0;
		};
/* End PBXSourcesBuildPhase section */

/* Begin XCBuildConfiguration section */
		5262C59B1BD9635F00F25C85 /* Debug */ = {
			isa = XCBuildConfiguration;
			buildSettings = {
				ALWAYS_SEARCH_USER_PATHS = NO;
				CLANG_CXX_LANGUAGE_STANDARD = "gnu++0x";
				CLANG_CXX_LIBRARY = "libc++";
				CLANG_ENABLE_MODULES = YES;
				CLANG_ENABLE_OBJC_ARC = YES;
				CLANG_WARN_BOOL_CONVERSION = YES;
				CLANG_WARN_CONSTANT_CONVERSION = YES;
				CLANG_WARN_DIRECT_OBJC_ISA_USAGE = YES_ERROR;
				CLANG_WARN_EMPTY_BODY = YES;
				CLANG_WARN_ENUM_CONVERSION = YES;
				CLANG_WARN_INT_CONVERSION = YES;
				CLANG_WARN_OBJC_ROOT_CLASS = YES_ERROR;
				CLANG_WARN_UNREACHABLE_CODE = YES;
				CLANG_WARN__DUPLICATE_METHOD_MATCH = YES;
				COPY_PHASE_STRIP = NO;
				DEBUG_INFORMATION_FORMAT = dwarf;
				ENABLE_STRICT_OBJC_MSGSEND = YES;
				ENABLE_TESTABILITY = YES;
				GCC_C_LANGUAGE_STANDARD = gnu99;
				GCC_DYNAMIC_NO_PIC = NO;
				GCC_NO_COMMON_BLOCKS = YES;
				GCC_OPTIMIZATION_LEVEL = 0;
				GCC_PREPROCESSOR_DEFINITIONS = (
					"DEBUG=1",
					"$(inherited)",
				);
				GCC_WARN_64_TO_32_BIT_CONVERSION = YES;
				GCC_WARN_ABOUT_RETURN_TYPE = YES_ERROR;
				GCC_WARN_UNDECLARED_SELECTOR = YES;
				GCC_WARN_UNINITIALIZED_AUTOS = YES_AGGRESSIVE;
				GCC_WARN_UNUSED_FUNCTION = YES;
				GCC_WARN_UNUSED_VARIABLE = YES;
				MACOSX_DEPLOYMENT_TARGET = 10.10;
				MTL_ENABLE_DEBUG_INFO = YES;
				ONLY_ACTIVE_ARCH = YES;
				SDKROOT = macosx;
			};
			name = Debug;
		};
		5262C59C1BD9635F00F25C85 /* Release */ = {
			isa = XCBuildConfiguration;
			buildSettings = {
				ALWAYS_SEARCH_USER_PATHS = NO;
				CLANG_CXX_LANGUAGE_STANDARD = "gnu++0x";
				CLANG_CXX_LIBRARY = "libc++";
				CLANG_ENABLE_MODULES = YES;
				CLANG_ENABLE_OBJC_ARC = YES;
				CLANG_WARN_BOOL_CONVERSION = YES;
				CLANG_WARN_CONSTANT_CONVERSION = YES;
				CLANG_WARN_DIRECT_OBJC_ISA_USAGE = YES_ERROR;
				CLANG_WARN_EMPTY_BODY = YES;
				CLANG_WARN_ENUM_CONVERSION = YES;
				CLANG_WARN_INT_CONVERSION = YES;
				CLANG_WARN_OBJC_ROOT_CLASS = YES_ERROR;
				CLANG_WARN_UNREACHABLE_CODE = YES;
				CLANG_WARN__DUPLICATE_METHOD_MATCH = YES;
				COPY_PHASE_STRIP = NO;
				DEBUG_INFORMATION_FORMAT = "dwarf-with-dsym";
				ENABLE_NS_ASSERTIONS = NO;
				ENABLE_STRICT_OBJC_MSGSEND = YES;
				GCC_C_LANGUAGE_STANDARD = gnu99;
				GCC_NO_COMMON_BLOCKS = YES;
				GCC_WARN_64_TO_32_BIT_CONVERSION = YES;
				GCC_WARN_ABOUT_RETURN_TYPE = YES_ERROR;
				GCC_WARN_UNDECLARED_SELECTOR = YES;
				GCC_WARN_UNINITIALIZED_AUTOS = YES_AGGRESSIVE;
				GCC_WARN_UNUSED_FUNCTION = YES;
				GCC_WARN_UNUSED_VARIABLE = YES;
				MACOSX_DEPLOYMENT_TARGET = 10.10;
				MTL_ENABLE_DEBUG_INFO = NO;
				SDKROOT = macosx;
			};
			name = Release;
		};
		5262C59E1BD9635F00F25C85 /* Debug */ = {
			isa = XCBuildConfiguration;
			buildSettings = {
				PRODUCT_NAME = "$(TARGET_NAME)";
			};
			name = Debug;
		};
		5262C59F1BD9635F00F25C85 /* Release */ = {
			isa = XCBuildConfiguration;
			buildSettings = {
				PRODUCT_NAME = "$(TARGET_NAME)";
			};
			name = Release;
		};
/* End XCBuildConfiguration section */

/* Begin XCConfigurationList section */
		5262C5911BD9635F00F25C85 /* Build configuration list for PBXProject "NDVStudy" */ = {
			isa = XCConfigurationList;
			buildConfigurations = (
				5262C59B1BD9635F00F25C85 /* Debug */,
				5262C59C1BD9635F00F25C85 /* Release */,
			);
			defaultConfigurationIsVisible = 0;
			defaultConfigurationName = Release;
		};
		5262C59D1BD9635F00F25C85 /* Build configuration list for PBXNativeTarget "NDVStudy" */ = {
			isa = XCConfigurationList;
			buildConfigurations = (
				5262C59E1BD9635F00F25C85 /* Debug */,
				5262C59F1BD9635F00F25C85 /* Release */,
			);
			defaultConfigurationIsVisible = 0;
			defaultConfigurationName = Release;
		};
/* End XCConfigurationList section */
	};
	rootObject = 5262C58E1BD9635F00F25C85 /* Project object */;
}
